
Microsoft Visual Studio Solution File, Format Version 12.00
# Visual Studio Version 16
VisualStudioVersion = 16.0.29613.14
MinimumVisualStudioVersion = 10.0.40219.1
Project("{8BC9CEB8-8B4A-11D0-8D11-00A0C91BC942}") = "Mir2", "Mir2\Mir2.vcxproj", "{E430BD61-1CB4-4341-B3B1-27267FF5B66D}"
EndProject
Project("{8BC9CEB8-8B4A-11D0-8D11-00A0C91BC942}") = "Engine", "Engine\Engine.vcxproj", "{9C161D7C-7821-4B80-ABD6-ABCD9B49CD95}"
EndProject
Project("{8BC9CEB8-8B4A-11D0-8D11-00A0C91BC942}") = "Test", "Test\Test.vcxproj", "{B165E782-9D38-4043-A67C-BBA530F9BC02}"
EndProject
Project("{8BC9CEB8-8B4A-11D0-8D11-00A0C91BC942}") = "Console", "Console\Console.vcxproj", "{E5A08192-1BA5-4D8A-8C92-F0A95F5783BD}"
EndProject
Project("{8BC9CEB8-8B4A-11D0-8D11-00A0C91BC942}") = "ConsoleTest", "ConsoleTest\ConsoleTest.vcxproj", "{7DA7E8AC-FF5F-4271-A160-C1FA8E99F685}"
EndProject
Global
	GlobalSection(SolutionConfigurationPlatforms) = preSolution
		Debug|x64 = Debug|x64
		Debug|x86 = Debug|x86
		Release|x64 = Release|x64
		Release|x86 = Release|x86
	EndGlobalSection
	GlobalSection(ProjectConfigurationPlatforms) = postSolution
		{E430BD61-1CB4-4341-B3B1-27267FF5B66D}.Debug|x64.ActiveCfg = Debug|x64
		{E430BD61-1CB4-4341-B3B1-27267FF5B66D}.Debug|x64.Build.0 = Debug|x64
		{E430BD61-1CB4-4341-B3B1-27267FF5B66D}.Debug|x86.ActiveCfg = Debug|Win32
		{E430BD61-1CB4-4341-B3B1-27267FF5B66D}.Debug|x86.Build.0 = Debug|Win32
		{E430BD61-1CB4-4341-B3B1-27267FF5B66D}.Release|x64.ActiveCfg = Release|x64
		{E430BD61-1CB4-4341-B3B1-27267FF5B66D}.Release|x64.Build.0 = Release|x64
		{E430BD61-1CB4-4341-B3B1-27267FF5B66D}.Release|x86.ActiveCfg = Release|Win32
		{E430BD61-1CB4-4341-B3B1-27267FF5B66D}.Release|x86.Build.0 = Release|Win32
		{9C161D7C-7821-4B80-ABD6-ABCD9B49CD95}.Debug|x64.ActiveCfg = Debug|x64
		{9C161D7C-7821-4B80-ABD6-ABCD9B49CD95}.Debug|x64.Build.0 = Debug|x64
		{9C161D7C-7821-4B80-ABD6-ABCD9B49CD95}.Debug|x86.ActiveCfg = Debug|Win32
		{9C161D7C-7821-4B80-ABD6-ABCD9B49CD95}.Debug|x86.Build.0 = Debug|Win32
		{9C161D7C-7821-4B80-ABD6-ABCD9B49CD95}.Release|x64.ActiveCfg = Release|x64
		{9C161D7C-7821-4B80-ABD6-ABCD9B49CD95}.Release|x64.Build.0 = Release|x64
		{9C161D7C-7821-4B80-ABD6-ABCD9B49CD95}.Release|x86.ActiveCfg = Release|Win32
		{9C161D7C-7821-4B80-ABD6-ABCD9B49CD95}.Release|x86.Build.0 = Release|Win32
		{B165E782-9D38-4043-A67C-BBA530F9BC02}.Debug|x64.ActiveCfg = Debug|x64
		{B165E782-9D38-4043-A67C-BBA530F9BC02}.Debug|x64.Build.0 = Debug|x64
		{B165E782-9D38-4043-A67C-BBA530F9BC02}.Debug|x86.ActiveCfg = Debug|Win32
		{B165E782-9D38-4043-A67C-BBA530F9BC02}.Debug|x86.Build.0 = Debug|Win32
		{B165E782-9D38-4043-A67C-BBA530F9BC02}.Release|x64.ActiveCfg = Release|x64
		{B165E782-9D38-4043-A67C-BBA530F9BC02}.Release|x64.Build.0 = Release|x64
		{B165E782-9D38-4043-A67C-BBA530F9BC02}.Release|x86.ActiveCfg = Release|Win32
		{B165E782-9D38-4043-A67C-BBA530F9BC02}.Release|x86.Build.0 = Release|Win32
		{E5A08192-1BA5-4D8A-8C92-F0A95F5783BD}.Debug|x64.ActiveCfg = Debug|x64
		{E5A08192-1BA5-4D8A-8C92-F0A95F5783BD}.Debug|x64.Build.0 = Debug|x64
		{E5A08192-1BA5-4D8A-8C92-F0A95F5783BD}.Debug|x86.ActiveCfg = Debug|Win32
		{E5A08192-1BA5-4D8A-8C92-F0A95F5783BD}.Debug|x86.Build.0 = Debug|Win32
		{E5A08192-1BA5-4D8A-8C92-F0A95F5783BD}.Release|x64.ActiveCfg = Release|x64
		{E5A08192-1BA5-4D8A-8C92-F0A95F5783BD}.Release|x64.Build.0 = Release|x64
		{E5A08192-1BA5-4D8A-8C92-F0A95F5783BD}.Release|x86.ActiveCfg = Release|Win32
		{E5A08192-1BA5-4D8A-8C92-F0A95F5783BD}.Release|x86.Build.0 = Release|Win32
		{7DA7E8AC-FF5F-4271-A160-C1FA8E99F685}.Debug|x64.ActiveCfg = Debug|x64
		{7DA7E8AC-FF5F-4271-A160-C1FA8E99F685}.Debug|x64.Build.0 = Debug|x64
		{7DA7E8AC-FF5F-4271-A160-C1FA8E99F685}.Debug|x86.ActiveCfg = Debug|Win32
		{7DA7E8AC-FF5F-4271-A160-C1FA8E99F685}.Debug|x86.Build.0 = Debug|Win32
		{7DA7E8AC-FF5F-4271-A160-C1FA8E99F685}.Release|x64.ActiveCfg = Release|x64
		{7DA7E8AC-FF5F-4271-A160-C1FA8E99F685}.Release|x64.Build.0 = Release|x64
		{7DA7E8AC-FF5F-4271-A160-C1FA8E99F685}.Release|x86.ActiveCfg = Release|Win32
		{7DA7E8AC-FF5F-4271-A160-C1FA8E99F685}.Release|x86.Build.0 = Release|Win32
	EndGlobalSection
	GlobalSection(SolutionProperties) = preSolution
		HideSolutionNode = FALSE
	EndGlobalSection
	GlobalSection(ExtensibilityGlobals) = postSolution
		SolutionGuid = {85EEF66B-40F8-426C-B17B-8ABE6B87393D}
	EndGlobalSection
EndGlobal
